<?xml version="1.0" encoding="utf-8"?>
<Project ToolsVersion="4.0" xmlns="http://schemas.microsoft.com/developer/msbuild/2003">
  <ItemGroup>
    <Filter Include="Source Files">
      <UniqueIdentifier>{4FC737F1-C7A5-4376-A066-2A32D752A2FF}</UniqueIdentifier>
      <Extensions>cpp;c;cc;cxx;def;odl;idl;hpj;bat;asm;asmx</Extensions>
    </Filter>
    <Filter Include="Header Files">
      <UniqueIdentifier>{93995380-89BD-4b04-88EB-625FBE52EBFB}</UniqueIdentifier>
      <Extensions>h;hpp;hxx;hm;inl;inc;xsd</Extensions>
    </Filter>
  </ItemGroup>
  <ItemGroup>
    <ClCompile Include="driver.c">
      <Filter>Source Files</Filter>
    </ClCompile>
    <ClCompile Include="keybrd.c">
      <Filter>Source Files</Filter>
    </ClCompile>
    <ClCompile Include="klogger.c">
      <Filter>Source Files</Filter>
    </ClCompile>
    <ClCompile Include="mwsk.c">
      <Filter>Source Files</Filter>
    </ClCompile>
    <ClCompile Include="systhread.c">
      <Filter>Source Files</Filter>
    </ClCompile>
    <ClCompile Include="inject.c">
      <Filter>Source Files</Filter>
    </ClCompile>
    <ClCompile Include="monitor.c">
      <Filter>Source Files</Filter>
    </ClCompile>
    <ClCompile Include="pe.c">
      <Filter>Source Files</Filter>
    </ClCompile>
    <ClCompile Include="string.c">
      <Filter>Source Files</Filter>
    </ClCompile>
    <ClCompile Include="sysworker.c">
      <Filter>Source Files</Filter>
    </ClCompile>
    <ClCompile Include="processtable.c">
      <Filter>Source Files</Filter>
    </ClCompile>
    <ClCompile Include="keys.c">
      <Filter>Source Files</Filter>
    </ClCompile>
    <ClCompile Include="sockets.c">
      <Filter>Source Files</Filter>
    </ClCompile>
    <ClCompile Include="htable.c">
      <Filter>Source Files</Filter>
    </ClCompile>
    <ClCompile Include="servercon.c">
      <Filter>Source Files</Filter>
    </ClCompile>
    <ClCompile Include="json.c">
      <Filter>Source Files</Filter>
    </ClCompile>
    <ClCompile Include="srequest_header.c">
      <Filter>Source Files</Filter>
    </ClCompile>
    <ClCompile Include="srequest.c">
      <Filter>Source Files</Filter>
    </ClCompile>
    <ClCompile Include="eventlog.c">
      <Filter>Source Files</Filter>
    </ClCompile>
    <ClCompile Include="time.c">
      <Filter>Source Files</Filter>
    </ClCompile>
  </ItemGroup>
  <ItemGroup>
    <ClInclude Include="inc\basictypes.h">
      <Filter>Header Files</Filter>
    </ClInclude>
    <ClInclude Include="inc\drvmain.h">
      <Filter>Header Files</Filter>
    </ClInclude>
    <ClInclude Include="inc\keybrd.h">
      <Filter>Header Files</Filter>
    </ClInclude>
    <ClInclude Include="inc\klogger.h">
      <Filter>Header Files</Filter>
    </ClInclude>
    <ClInclude Include="inc\mwsk.h">
      <Filter>Header Files</Filter>
    </ClInclude>
    <ClInclude Include="inc\systhread.h">
      <Filter>Header Files</Filter>
    </ClInclude>
    <ClInclude Include="h\drvioctl.h">
      <Filter>Header Files</Filter>
    </ClInclude>
    <ClInclude Include="inc\inject.h">
      <Filter>Header Files</Filter>
    </ClInclude>
    <ClInclude Include="inc\ntapiex.h">
      <Filter>Header Files</Filter>
    </ClInclude>
    <ClInclude Include="inc\monitor.h">
      <Filter>Header Files</Filter>
    </ClInclude>
    <ClInclude Include="inc\pallocator.h">
      <Filter>Header Files</Filter>
    </ClInclude>
    <ClInclude Include="inc\pe.h">
      <Filter>Header Files</Filter>
    </ClInclude>
    <ClInclude Include="inc\shrlock.h">
      <Filter>Header Files</Filter>
    </ClInclude>
    <ClInclude Include="inc\string.h">
      <Filter>Header Files</Filter>
    </ClInclude>
    <ClInclude Include="inc\sysworker.h">
      <Filter>Header Files</Filter>
    </ClInclude>
    <ClInclude Include="inc\thash.h">
      <Filter>Header Files</Filter>
    </ClInclude>
    <ClInclude Include="inc\processtable.h">
      <Filter>Header Files</Filter>
    </ClInclude>
    <ClInclude Include="inc\sslclient.h">
      <Filter>Header Files</Filter>
    </ClInclude>
    <ClInclude Include="inc\keys.h">
      <Filter>Header Files</Filter>
    </ClInclude>
    <ClInclude Include="inc\htable.h">
      <Filter>Header Files</Filter>
    </ClInclude>
    <ClInclude Include="inc\sockets.h">
      <Filter>Header Files</Filter>
    </ClInclude>
    <ClInclude Include="inc\hallocator.h">
      <Filter>Header Files</Filter>
    </ClInclude>
    <ClInclude Include="inc\servercon.h">
      <Filter>Header Files</Filter>
    </ClInclude>
    <ClInclude Include="inc\endian.h">
      <Filter>Header Files</Filter>
    </ClInclude>
    <ClInclude Include="inc\json.h">
      <Filter>Header Files</Filter>
    </ClInclude>
    <ClInclude Include="inc\srequest_header.h">
      <Filter>Header Files</Filter>
    </ClInclude>
    <ClInclude Include="inc\srequest.h">
      <Filter>Header Files</Filter>
    </ClInclude>
    <ClInclude Include="inc\eventlog.h">
      <Filter>Header Files</Filter>
    </ClInclude>
    <ClInclude Include="inc\time.h">
      <Filter>Header Files</Filter>
    </ClInclude>
  </ItemGroup>
</Project>