
Microsoft Visual Studio Solution File, Format Version 12.00
# Visual Studio 2013
VisualStudioVersion = 12.0.21005.1
MinimumVisualStudioVersion = 10.0.40219.1
Project("{8BC9CEB8-8B4A-11D0-8D11-00A0C91BC942}") = "kdriver", "kdriver\kdriver.vcxproj", "{99B8E5DD-8B9E-4037-A768-82DABF4DFF0D}"
EndProject
Project("{8BC9CEB8-8B4A-11D0-8D11-00A0C91BC942}") = "kclient", "kclient\kclient.vcxproj", "{C0814A45-F38A-4E83-B66D-1980B7390FAB}"
EndProject
Global
	GlobalSection(SolutionConfigurationPlatforms) = preSolution
		Debug|Win32 = Debug|Win32
		Debug|x64 = Debug|x64
		Release|Win32 = Release|Win32
		Release|x64 = Release|x64
		Win7 Debug|Win32 = Win7 Debug|Win32
		Win7 Debug|x64 = Win7 Debug|x64
		Win7 Release|Win32 = Win7 Release|Win32
		Win7 Release|x64 = Win7 Release|x64
		Win8 Debug|Win32 = Win8 Debug|Win32
		Win8 Debug|x64 = Win8 Debug|x64
		Win8 Release|Win32 = Win8 Release|Win32
		Win8 Release|x64 = Win8 Release|x64
		Win8.1 Debug|Win32 = Win8.1 Debug|Win32
		Win8.1 Debug|x64 = Win8.1 Debug|x64
		Win8.1 Release|Win32 = Win8.1 Release|Win32
		Win8.1 Release|x64 = Win8.1 Release|x64
	EndGlobalSection
	GlobalSection(ProjectConfigurationPlatforms) = postSolution
		{99B8E5DD-8B9E-4037-A768-82DABF4DFF0D}.Debug|Win32.ActiveCfg = Win8.1 Debug|Win32
		{99B8E5DD-8B9E-4037-A768-82DABF4DFF0D}.Debug|Win32.Build.0 = Win8.1 Debug|Win32
		{99B8E5DD-8B9E-4037-A768-82DABF4DFF0D}.Debug|Win32.Deploy.0 = Win8.1 Debug|Win32
		{99B8E5DD-8B9E-4037-A768-82DABF4DFF0D}.Debug|x64.ActiveCfg = Win8.1 Debug|x64
		{99B8E5DD-8B9E-4037-A768-82DABF4DFF0D}.Debug|x64.Build.0 = Win8.1 Debug|x64
		{99B8E5DD-8B9E-4037-A768-82DABF4DFF0D}.Debug|x64.Deploy.0 = Win8.1 Debug|x64
		{99B8E5DD-8B9E-4037-A768-82DABF4DFF0D}.Release|Win32.ActiveCfg = Win8.1 Release|Win32
		{99B8E5DD-8B9E-4037-A768-82DABF4DFF0D}.Release|Win32.Build.0 = Win8.1 Release|Win32
		{99B8E5DD-8B9E-4037-A768-82DABF4DFF0D}.Release|Win32.Deploy.0 = Win8.1 Release|Win32
		{99B8E5DD-8B9E-4037-A768-82DABF4DFF0D}.Release|x64.ActiveCfg = Win8.1 Release|x64
		{99B8E5DD-8B9E-4037-A768-82DABF4DFF0D}.Release|x64.Build.0 = Win8.1 Release|x64
		{99B8E5DD-8B9E-4037-A768-82DABF4DFF0D}.Release|x64.Deploy.0 = Win8.1 Release|x64
		{99B8E5DD-8B9E-4037-A768-82DABF4DFF0D}.Win7 Debug|Win32.ActiveCfg = Win7 Debug|Win32
		{99B8E5DD-8B9E-4037-A768-82DABF4DFF0D}.Win7 Debug|Win32.Build.0 = Win7 Debug|Win32
		{99B8E5DD-8B9E-4037-A768-82DABF4DFF0D}.Win7 Debug|Win32.Deploy.0 = Win7 Debug|Win32
		{99B8E5DD-8B9E-4037-A768-82DABF4DFF0D}.Win7 Debug|x64.ActiveCfg = Win7 Debug|x64
		{99B8E5DD-8B9E-4037-A768-82DABF4DFF0D}.Win7 Debug|x64.Build.0 = Win7 Debug|x64
		{99B8E5DD-8B9E-4037-A768-82DABF4DFF0D}.Win7 Debug|x64.Deploy.0 = Win7 Debug|x64
		{99B8E5DD-8B9E-4037-A768-82DABF4DFF0D}.Win7 Release|Win32.ActiveCfg = Win7 Release|Win32
		{99B8E5DD-8B9E-4037-A768-82DABF4DFF0D}.Win7 Release|Win32.Build.0 = Win7 Release|Win32
		{99B8E5DD-8B9E-4037-A768-82DABF4DFF0D}.Win7 Release|Win32.Deploy.0 = Win7 Release|Win32
		{99B8E5DD-8B9E-4037-A768-82DABF4DFF0D}.Win7 Release|x64.ActiveCfg = Win7 Release|x64
		{99B8E5DD-8B9E-4037-A768-82DABF4DFF0D}.Win7 Release|x64.Build.0 = Win7 Release|x64
		{99B8E5DD-8B9E-4037-A768-82DABF4DFF0D}.Win7 Release|x64.Deploy.0 = Win7 Release|x64
		{99B8E5DD-8B9E-4037-A768-82DABF4DFF0D}.Win8 Debug|Win32.ActiveCfg = Win8 Debug|Win32
		{99B8E5DD-8B9E-4037-A768-82DABF4DFF0D}.Win8 Debug|Win32.Build.0 = Win8 Debug|Win32
		{99B8E5DD-8B9E-4037-A768-82DABF4DFF0D}.Win8 Debug|Win32.Deploy.0 = Win8 Debug|Win32
		{99B8E5DD-8B9E-4037-A768-82DABF4DFF0D}.Win8 Debug|x64.ActiveCfg = Win8 Debug|x64
		{99B8E5DD-8B9E-4037-A768-82DABF4DFF0D}.Win8 Debug|x64.Build.0 = Win8 Debug|x64
		{99B8E5DD-8B9E-4037-A768-82DABF4DFF0D}.Win8 Debug|x64.Deploy.0 = Win8 Debug|x64
		{99B8E5DD-8B9E-4037-A768-82DABF4DFF0D}.Win8 Release|Win32.ActiveCfg = Win8 Release|Win32
		{99B8E5DD-8B9E-4037-A768-82DABF4DFF0D}.Win8 Release|Win32.Build.0 = Win8 Release|Win32
		{99B8E5DD-8B9E-4037-A768-82DABF4DFF0D}.Win8 Release|Win32.Deploy.0 = Win8 Release|Win32
		{99B8E5DD-8B9E-4037-A768-82DABF4DFF0D}.Win8 Release|x64.ActiveCfg = Win8 Release|x64
		{99B8E5DD-8B9E-4037-A768-82DABF4DFF0D}.Win8 Release|x64.Build.0 = Win8 Release|x64
		{99B8E5DD-8B9E-4037-A768-82DABF4DFF0D}.Win8 Release|x64.Deploy.0 = Win8 Release|x64
		{99B8E5DD-8B9E-4037-A768-82DABF4DFF0D}.Win8.1 Debug|Win32.ActiveCfg = Win8.1 Debug|Win32
		{99B8E5DD-8B9E-4037-A768-82DABF4DFF0D}.Win8.1 Debug|Win32.Build.0 = Win8.1 Debug|Win32
		{99B8E5DD-8B9E-4037-A768-82DABF4DFF0D}.Win8.1 Debug|Win32.Deploy.0 = Win8.1 Debug|Win32
		{99B8E5DD-8B9E-4037-A768-82DABF4DFF0D}.Win8.1 Debug|x64.ActiveCfg = Win8.1 Debug|x64
		{99B8E5DD-8B9E-4037-A768-82DABF4DFF0D}.Win8.1 Debug|x64.Build.0 = Win8.1 Debug|x64
		{99B8E5DD-8B9E-4037-A768-82DABF4DFF0D}.Win8.1 Debug|x64.Deploy.0 = Win8.1 Debug|x64
		{99B8E5DD-8B9E-4037-A768-82DABF4DFF0D}.Win8.1 Release|Win32.ActiveCfg = Win8.1 Release|Win32
		{99B8E5DD-8B9E-4037-A768-82DABF4DFF0D}.Win8.1 Release|Win32.Build.0 = Win8.1 Release|Win32
		{99B8E5DD-8B9E-4037-A768-82DABF4DFF0D}.Win8.1 Release|Win32.Deploy.0 = Win8.1 Release|Win32
		{99B8E5DD-8B9E-4037-A768-82DABF4DFF0D}.Win8.1 Release|x64.ActiveCfg = Win8.1 Release|x64
		{99B8E5DD-8B9E-4037-A768-82DABF4DFF0D}.Win8.1 Release|x64.Build.0 = Win8.1 Release|x64
		{99B8E5DD-8B9E-4037-A768-82DABF4DFF0D}.Win8.1 Release|x64.Deploy.0 = Win8.1 Release|x64
		{C0814A45-F38A-4E83-B66D-1980B7390FAB}.Debug|Win32.ActiveCfg = Debug|Win32
		{C0814A45-F38A-4E83-B66D-1980B7390FAB}.Debug|Win32.Build.0 = Debug|Win32
		{C0814A45-F38A-4E83-B66D-1980B7390FAB}.Debug|Win32.Deploy.0 = Debug|Win32
		{C0814A45-F38A-4E83-B66D-1980B7390FAB}.Debug|x64.ActiveCfg = Debug|x64
		{C0814A45-F38A-4E83-B66D-1980B7390FAB}.Debug|x64.Build.0 = Debug|x64
		{C0814A45-F38A-4E83-B66D-1980B7390FAB}.Release|Win32.ActiveCfg = Release|Win32
		{C0814A45-F38A-4E83-B66D-1980B7390FAB}.Release|Win32.Build.0 = Release|Win32
		{C0814A45-F38A-4E83-B66D-1980B7390FAB}.Release|Win32.Deploy.0 = Release|Win32
		{C0814A45-F38A-4E83-B66D-1980B7390FAB}.Release|x64.ActiveCfg = Release|x64
		{C0814A45-F38A-4E83-B66D-1980B7390FAB}.Release|x64.Build.0 = Release|x64
		{C0814A45-F38A-4E83-B66D-1980B7390FAB}.Win7 Debug|Win32.ActiveCfg = Debug|Win32
		{C0814A45-F38A-4E83-B66D-1980B7390FAB}.Win7 Debug|Win32.Build.0 = Debug|Win32
		{C0814A45-F38A-4E83-B66D-1980B7390FAB}.Win7 Debug|Win32.Deploy.0 = Debug|Win32
		{C0814A45-F38A-4E83-B66D-1980B7390FAB}.Win7 Debug|x64.ActiveCfg = Debug|x64
		{C0814A45-F38A-4E83-B66D-1980B7390FAB}.Win7 Debug|x64.Build.0 = Debug|x64
		{C0814A45-F38A-4E83-B66D-1980B7390FAB}.Win7 Debug|x64.Deploy.0 = Debug|x64
		{C0814A45-F38A-4E83-B66D-1980B7390FAB}.Win7 Release|Win32.ActiveCfg = Release|Win32
		{C0814A45-F38A-4E83-B66D-1980B7390FAB}.Win7 Release|Win32.Build.0 = Release|Win32
		{C0814A45-F38A-4E83-B66D-1980B7390FAB}.Win7 Release|Win32.Deploy.0 = Release|Win32
		{C0814A45-F38A-4E83-B66D-1980B7390FAB}.Win7 Release|x64.ActiveCfg = Release|x64
		{C0814A45-F38A-4E83-B66D-1980B7390FAB}.Win7 Release|x64.Build.0 = Release|x64
		{C0814A45-F38A-4E83-B66D-1980B7390FAB}.Win7 Release|x64.Deploy.0 = Release|x64
		{C0814A45-F38A-4E83-B66D-1980B7390FAB}.Win8 Debug|Win32.ActiveCfg = Debug|Win32
		{C0814A45-F38A-4E83-B66D-1980B7390FAB}.Win8 Debug|Win32.Build.0 = Debug|Win32
		{C0814A45-F38A-4E83-B66D-1980B7390FAB}.Win8 Debug|Win32.Deploy.0 = Debug|Win32
		{C0814A45-F38A-4E83-B66D-1980B7390FAB}.Win8 Debug|x64.ActiveCfg = Debug|x64
		{C0814A45-F38A-4E83-B66D-1980B7390FAB}.Win8 Debug|x64.Build.0 = Debug|x64
		{C0814A45-F38A-4E83-B66D-1980B7390FAB}.Win8 Debug|x64.Deploy.0 = Debug|x64
		{C0814A45-F38A-4E83-B66D-1980B7390FAB}.Win8 Release|Win32.ActiveCfg = Release|Win32
		{C0814A45-F38A-4E83-B66D-1980B7390FAB}.Win8 Release|Win32.Build.0 = Release|Win32
		{C0814A45-F38A-4E83-B66D-1980B7390FAB}.Win8 Release|Win32.Deploy.0 = Release|Win32
		{C0814A45-F38A-4E83-B66D-1980B7390FAB}.Win8 Release|x64.ActiveCfg = Release|x64
		{C0814A45-F38A-4E83-B66D-1980B7390FAB}.Win8 Release|x64.Build.0 = Release|x64
		{C0814A45-F38A-4E83-B66D-1980B7390FAB}.Win8 Release|x64.Deploy.0 = Release|x64
		{C0814A45-F38A-4E83-B66D-1980B7390FAB}.Win8.1 Debug|Win32.ActiveCfg = Debug|Win32
		{C0814A45-F38A-4E83-B66D-1980B7390FAB}.Win8.1 Debug|Win32.Build.0 = Debug|Win32
		{C0814A45-F38A-4E83-B66D-1980B7390FAB}.Win8.1 Debug|Win32.Deploy.0 = Debug|Win32
		{C0814A45-F38A-4E83-B66D-1980B7390FAB}.Win8.1 Debug|x64.ActiveCfg = Debug|x64
		{C0814A45-F38A-4E83-B66D-1980B7390FAB}.Win8.1 Debug|x64.Build.0 = Debug|x64
		{C0814A45-F38A-4E83-B66D-1980B7390FAB}.Win8.1 Debug|x64.Deploy.0 = Debug|x64
		{C0814A45-F38A-4E83-B66D-1980B7390FAB}.Win8.1 Release|Win32.ActiveCfg = Release|Win32
		{C0814A45-F38A-4E83-B66D-1980B7390FAB}.Win8.1 Release|Win32.Build.0 = Release|Win32
		{C0814A45-F38A-4E83-B66D-1980B7390FAB}.Win8.1 Release|Win32.Deploy.0 = Release|Win32
		{C0814A45-F38A-4E83-B66D-1980B7390FAB}.Win8.1 Release|x64.ActiveCfg = Release|x64
		{C0814A45-F38A-4E83-B66D-1980B7390FAB}.Win8.1 Release|x64.Build.0 = Release|x64
		{C0814A45-F38A-4E83-B66D-1980B7390FAB}.Win8.1 Release|x64.Deploy.0 = Release|x64
	EndGlobalSection
	GlobalSection(SolutionProperties) = preSolution
		HideSolutionNode = FALSE
	EndGlobalSection
EndGlobal
